lockfileVersion: 5.4

specifiers:
  '@antv/g6': ^4.7.16
  '@antv/graphin': ^2.7.13
  '@antv/graphin-components': ^2.4.0
  '@antv/graphin-icons': ^1.0.0
  mockjs: ^1.1.0
  relation-graph: ^2.0.9

dependencies:
  '@antv/g6': registry.npmmirror.com/@antv/g6/4.8.8
  '@antv/graphin': registry.npmmirror.com/@antv/graphin/2.7.13
  '@antv/graphin-components': registry.npmmirror.com/@antv/graphin-components/2.4.0_@antv+graphin@2.7.13
  '@antv/graphin-icons': registry.npmmirror.com/@antv/graphin-icons/1.0.0
  mockjs: registry.npmmirror.com/mockjs/1.1.0
  relation-graph: registry.npmmirror.com/relation-graph/2.0.25

packages:

  registry.npmmirror.com/@ant-design/colors/4.0.5:
    resolution: {integrity: sha512-3mnuX2prnWOWvpFTS2WH2LoouWlOgtnIpc6IarWN6GOzzLF8dW/U8UctuvIPhoboETehZfJ61XP+CGakBEPJ3Q==, registry: http://registry.npm.taobao.org/, tarball: https://registry.npmmirror.com/@ant-design/colors/-/colors-4.0.5.tgz}
    name: '@ant-design/colors'
    version: 4.0.5
    dependencies:
      tinycolor2: registry.npmmirror.com/tinycolor2/1.6.0
    dev: false

  registry.npmmirror.com/@antv/algorithm/0.1.25:
    resolution: {integrity: sha512-TGwPyFoAu4+iEJd0y1l0gHdBXCbUj8a4gR7P3GzZRfEfRnWfk+gswApzOSTd7c6HP402JOEF64PAJQKxQgSPSQ==, registry: http://registry.npm.taobao.org/, tarball: https://registry.npmmirror.com/@antv/algorithm/-/algorithm-0.1.25.tgz}
    name: '@antv/algorithm'
    version: 0.1.25
    dependencies:
      '@antv/util': registry.npmmirror.com/@antv/util/2.0.17
      tslib: registry.npmmirror.com/tslib/2.5.0
    dev: false

  registry.npmmirror.com/@antv/dom-util/2.0.4:
    resolution: {integrity: sha512-2shXUl504fKwt82T3GkuT4Uoc6p9qjCKnJ8gXGLSW4T1W37dqf9AV28aCfoVPHp2BUXpSsB+PAJX2rG/jLHsLQ==, registry: http://registry.npm.taobao.org/, tarball: https://registry.npmmirror.com/@antv/dom-util/-/dom-util-2.0.4.tgz}
    name: '@antv/dom-util'
    version: 2.0.4
    dependencies:
      tslib: registry.npmmirror.com/tslib/2.5.0
    dev: false

  registry.npmmirror.com/@antv/event-emitter/0.1.3:
    resolution: {integrity: sha512-4ddpsiHN9Pd4UIlWuKVK1C4IiZIdbwQvy9i7DUSI3xNJ89FPUFt8lxDYj8GzzfdllV0NkJTRxnG+FvLk0llidg==, registry: http://registry.npm.taobao.org/, tarball: https://registry.npmmirror.com/@antv/event-emitter/-/event-emitter-0.1.3.tgz}
    name: '@antv/event-emitter'
    version: 0.1.3
    dev: false

  registry.npmmirror.com/@antv/g-base/0.5.14:
    resolution: {integrity: sha512-Wyx+ddatDdQBjidLHXmV3NgKp1oiyNZNX9gGflaBFDfGgywnvs85bXnKswayFXsFBg5TQ6Goi8SnBufEqwemgg==, registry: http://registry.npm.taobao.org/, tarball: https://registry.npmmirror.com/@antv/g-base/-/g-base-0.5.14.tgz}
    name: '@antv/g-base'
    version: 0.5.14
    dependencies:
      '@antv/event-emitter': registry.npmmirror.com/@antv/event-emitter/0.1.3
      '@antv/g-math': registry.npmmirror.com/@antv/g-math/0.1.9
      '@antv/matrix-util': registry.npmmirror.com/@antv/matrix-util/3.1.0-beta.3
      '@antv/path-util': registry.npmmirror.com/@antv/path-util/2.0.15
      '@antv/util': registry.npmmirror.com/@antv/util/2.0.17
      '@types/d3-timer': registry.npmmirror.com/@types/d3-timer/2.0.1
      d3-ease: registry.npmmirror.com/d3-ease/1.0.7
      d3-interpolate: registry.npmmirror.com/d3-interpolate/3.0.1
      d3-timer: registry.npmmirror.com/d3-timer/1.0.10
      detect-browser: registry.npmmirror.com/detect-browser/5.3.0
      tslib: registry.npmmirror.com/tslib/2.5.0
    dev: false

  registry.npmmirror.com/@antv/g-canvas/0.5.13:
    resolution: {integrity: sha512-nu6wNeZhYomkEks2aniWlYML0ZGb9t5PGzjiOIp+B4z4HUEUvHOTdIPNfinzl5+4QC7fVZntsQKZK5dBFO5MDQ==, registry: http://registry.npm.taobao.org/, tarball: https://registry.npmmirror.com/@antv/g-canvas/-/g-canvas-0.5.13.tgz}
    name: '@antv/g-canvas'
    version: 0.5.13
    dependencies:
      '@antv/g-base': registry.npmmirror.com/@antv/g-base/0.5.14
      '@antv/g-math': registry.npmmirror.com/@antv/g-math/0.1.9
      '@antv/matrix-util': registry.npmmirror.com/@antv/matrix-util/3.1.0-beta.3
      '@antv/path-util': registry.npmmirror.com/@antv/path-util/2.0.15
      '@antv/util': registry.npmmirror.com/@antv/util/2.0.17
      gl-matrix: registry.npmmirror.com/gl-matrix/3.4.3
      tslib: registry.npmmirror.com/tslib/2.5.0
    dev: false

  registry.npmmirror.com/@antv/g-math/0.1.9:
    resolution: {integrity: sha512-KHMSfPfZ5XHM1PZnG42Q2gxXfOitYveNTA7L61lR6mhZ8Y/aExsYmHqaKBsSarU0z+6WLrl9C07PQJZaw0uljQ==, registry: http://registry.npm.taobao.org/, tarball: https://registry.npmmirror.com/@antv/g-math/-/g-math-0.1.9.tgz}
    name: '@antv/g-math'
    version: 0.1.9
    dependencies:
      '@antv/util': registry.npmmirror.com/@antv/util/2.0.17
      gl-matrix: registry.npmmirror.com/gl-matrix/3.4.3
    dev: false

  registry.npmmirror.com/@antv/g-svg/0.5.7:
    resolution: {integrity: sha512-jUbWoPgr4YNsOat2Y/rGAouNQYGpw4R0cvlN0YafwOyacFFYy2zC8RslNd6KkPhhR3XHNSqJOuCYZj/YmLUwYw==, registry: http://registry.npm.taobao.org/, tarball: https://registry.npmmirror.com/@antv/g-svg/-/g-svg-0.5.7.tgz}
    name: '@antv/g-svg'
    version: 0.5.7
    dependencies:
      '@antv/g-base': registry.npmmirror.com/@antv/g-base/0.5.14
      '@antv/g-math': registry.npmmirror.com/@antv/g-math/0.1.9
      '@antv/util': registry.npmmirror.com/@antv/util/2.0.17
      detect-browser: registry.npmmirror.com/detect-browser/5.3.0
      tslib: registry.npmmirror.com/tslib/2.5.0
    dev: false

  registry.npmmirror.com/@antv/g-webgpu-core/0.7.2:
    resolution: {integrity: sha512-xUMmop7f3Rs34zFYKXLqHhDR1CQTeDl/7vI7Sn3X/73BqJc3X3HIIRvm83Fg2CjVACaOzw4WeLRXNaOCp9fz9w==, registry: http://registry.npm.taobao.org/, tarball: https://registry.npmmirror.com/@antv/g-webgpu-core/-/g-webgpu-core-0.7.2.tgz}
    name: '@antv/g-webgpu-core'
    version: 0.7.2
    dependencies:
      eventemitter3: registry.npmmirror.com/eventemitter3/4.0.7
      gl-matrix: registry.npmmirror.com/gl-matrix/3.4.3
      lodash: registry.npmmirror.com/lodash/4.17.21
      probe.gl: registry.npmmirror.com/probe.gl/3.6.0
    dev: false

  registry.npmmirror.com/@antv/g-webgpu-engine/0.7.2:
    resolution: {integrity: sha512-lx8Y93IW2cnJvdoDRKyMmTdYqSC1pOmF0nyG3PGGyA0NI9vBYVgO0KTF6hkyWjdTWVq7XDZyf/h8CJridLh3lg==, registry: http://registry.npm.taobao.org/, tarball: https://registry.npmmirror.com/@antv/g-webgpu-engine/-/g-webgpu-engine-0.7.2.tgz}
    name: '@antv/g-webgpu-engine'
    version: 0.7.2
    dependencies:
      '@antv/g-webgpu-core': registry.npmmirror.com/@antv/g-webgpu-core/0.7.2
      gl-matrix: registry.npmmirror.com/gl-matrix/3.4.3
      lodash: registry.npmmirror.com/lodash/4.17.21
      regl: registry.npmmirror.com/regl/1.7.0
    dev: false

  registry.npmmirror.com/@antv/g-webgpu/0.7.2:
    resolution: {integrity: sha512-kw+oYGsdvj5qeUfy5DPb/jztZBV+2fmqBd3Vv8NlKatfBmv8AirYX/CCW74AUSdWm99rEiLyxFB1VdRZ6b/wnQ==, registry: http://registry.npm.taobao.org/, tarball: https://registry.npmmirror.com/@antv/g-webgpu/-/g-webgpu-0.7.2.tgz}
    name: '@antv/g-webgpu'
    version: 0.7.2
    dependencies:
      '@antv/g-webgpu-core': registry.npmmirror.com/@antv/g-webgpu-core/0.7.2
      '@antv/g-webgpu-engine': registry.npmmirror.com/@antv/g-webgpu-engine/0.7.2
      gl-matrix: registry.npmmirror.com/gl-matrix/3.4.3
      gl-vec2: registry.npmmirror.com/gl-vec2/1.3.0
      lodash: registry.npmmirror.com/lodash/4.17.21
    dev: false

  registry.npmmirror.com/@antv/g6-core/0.8.8:
    resolution: {integrity: sha512-cWFoxGIyscl0OZSCGmyILBFy6xd527LcVJMmpIKgJ0E3lT37b8NHDHRbar0GLq7sdyBj2cHVOWtCHjA99FyZ6g==, registry: http://registry.npm.taobao.org/, tarball: https://registry.npmmirror.com/@antv/g6-core/-/g6-core-0.8.8.tgz}
    name: '@antv/g6-core'
    version: 0.8.8
    dependencies:
      '@antv/algorithm': registry.npmmirror.com/@antv/algorithm/0.1.25
      '@antv/dom-util': registry.npmmirror.com/@antv/dom-util/2.0.4
      '@antv/event-emitter': registry.npmmirror.com/@antv/event-emitter/0.1.3
      '@antv/g-base': registry.npmmirror.com/@antv/g-base/0.5.14
      '@antv/g-math': registry.npmmirror.com/@antv/g-math/0.1.9
      '@antv/matrix-util': registry.npmmirror.com/@antv/matrix-util/3.1.0-beta.3
      '@antv/path-util': registry.npmmirror.com/@antv/path-util/2.0.15
      '@antv/util': registry.npmmirror.com/@antv/util/2.0.17
      ml-matrix: registry.npmmirror.com/ml-matrix/6.10.4
      tslib: registry.npmmirror.com/tslib/2.5.0
    dev: false

  registry.npmmirror.com/@antv/g6-element/0.8.8:
    resolution: {integrity: sha512-0EOr2yJVXOqR4uFeY9K+m2bAuq3eNntnAWRa1GYUbtrjBh7N/wTn3l+Xl3RZC5Ch1dAFgxQMX4n1+PGvcCRcJA==, registry: http://registry.npm.taobao.org/, tarball: https://registry.npmmirror.com/@antv/g6-element/-/g6-element-0.8.8.tgz}
    name: '@antv/g6-element'
    version: 0.8.8
    dependencies:
      '@antv/g-base': registry.npmmirror.com/@antv/g-base/0.5.14
      '@antv/g6-core': registry.npmmirror.com/@antv/g6-core/0.8.8
      '@antv/util': registry.npmmirror.com/@antv/util/2.0.17
    dev: false

  registry.npmmirror.com/@antv/g6-pc/0.8.8:
    resolution: {integrity: sha512-hemwe0cyjExdQiAOpzwmUchrp1/qVEHNHru9O9TqtnXlFM0VrRyPKCp3cL+Yv8N25JseOp1fboEmhMuPFeqN3Q==, registry: http://registry.npm.taobao.org/, tarball: https://registry.npmmirror.com/@antv/g6-pc/-/g6-pc-0.8.8.tgz}
    name: '@antv/g6-pc'
    version: 0.8.8
    dependencies:
      '@ant-design/colors': registry.npmmirror.com/@ant-design/colors/4.0.5
      '@antv/algorithm': registry.npmmirror.com/@antv/algorithm/0.1.25
      '@antv/dom-util': registry.npmmirror.com/@antv/dom-util/2.0.4
      '@antv/event-emitter': registry.npmmirror.com/@antv/event-emitter/0.1.3
      '@antv/g-base': registry.npmmirror.com/@antv/g-base/0.5.14
      '@antv/g-canvas': registry.npmmirror.com/@antv/g-canvas/0.5.13
      '@antv/g-math': registry.npmmirror.com/@antv/g-math/0.1.9
      '@antv/g-svg': registry.npmmirror.com/@antv/g-svg/0.5.7
      '@antv/g6-core': registry.npmmirror.com/@antv/g6-core/0.8.8
      '@antv/g6-element': registry.npmmirror.com/@antv/g6-element/0.8.8
      '@antv/g6-plugin': registry.npmmirror.com/@antv/g6-plugin/0.8.8
      '@antv/hierarchy': registry.npmmirror.com/@antv/hierarchy/0.6.11
      '@antv/layout': registry.npmmirror.com/@antv/layout/0.3.17_dagre@0.8.5
      '@antv/matrix-util': registry.npmmirror.com/@antv/matrix-util/3.1.0-beta.3
      '@antv/path-util': registry.npmmirror.com/@antv/path-util/2.0.15
      '@antv/util': registry.npmmirror.com/@antv/util/2.0.17
      color: registry.npmmirror.com/color/3.2.1
      d3-force: registry.npmmirror.com/d3-force/2.1.1
      dagre: registry.npmmirror.com/dagre/0.8.5
      insert-css: registry.npmmirror.com/insert-css/2.0.0
      ml-matrix: registry.npmmirror.com/ml-matrix/6.10.4
    dev: false

  registry.npmmirror.com/@antv/g6-plugin/0.8.8:
    resolution: {integrity: sha512-wc2oTAKUaCzpHzhDxYEdkTVeWa6D6tILWAcheW5r6EabEny9gg34yWTzf+wbRp8kbWWLRNNnRTkMV8mV5LSH5g==, registry: http://registry.npm.taobao.org/, tarball: https://registry.npmmirror.com/@antv/g6-plugin/-/g6-plugin-0.8.8.tgz}
    name: '@antv/g6-plugin'
    version: 0.8.8
    dependencies:
      '@antv/dom-util': registry.npmmirror.com/@antv/dom-util/2.0.4
      '@antv/g-base': registry.npmmirror.com/@antv/g-base/0.5.14
      '@antv/g-canvas': registry.npmmirror.com/@antv/g-canvas/0.5.13
      '@antv/g-svg': registry.npmmirror.com/@antv/g-svg/0.5.7
      '@antv/g6-core': registry.npmmirror.com/@antv/g6-core/0.8.8
      '@antv/g6-element': registry.npmmirror.com/@antv/g6-element/0.8.8
      '@antv/matrix-util': registry.npmmirror.com/@antv/matrix-util/3.1.0-beta.3
      '@antv/path-util': registry.npmmirror.com/@antv/path-util/2.0.15
      '@antv/scale': registry.npmmirror.com/@antv/scale/0.3.18
      '@antv/util': registry.npmmirror.com/@antv/util/2.0.17
      insert-css: registry.npmmirror.com/insert-css/2.0.0
    dev: false

  registry.npmmirror.com/@antv/g6/4.8.8:
    resolution: {integrity: sha512-xJEOZX5YkUrHZ4b6zMAfKDEgJZ6DjNaanqMpKmzvbuQ2iUq2H3le4Y1OgrXCebusqYZC+GwZA4V26DCc3ei6zw==, registry: http://registry.npm.taobao.org/, tarball: https://registry.npmmirror.com/@antv/g6/-/g6-4.8.8.tgz}
    name: '@antv/g6'
    version: 4.8.8
    dependencies:
      '@antv/g6-pc': registry.npmmirror.com/@antv/g6-pc/0.8.8
    dev: false

  registry.npmmirror.com/@antv/graphin-components/2.4.0_@antv+graphin@2.7.13:
    resolution: {integrity: sha512-ADVcQlwMO9p18qBIxdK+nddzA+73OXxKPSLMeeF5B4f9USvC9b4cB9q4ciYbslRQrpUkUpWBdbY+44jq38f/Yg==, registry: http://registry.npm.taobao.org/, tarball: https://registry.npmmirror.com/@antv/graphin-components/-/graphin-components-2.4.0.tgz}
    id: registry.npmmirror.com/@antv/graphin-components/2.4.0
    name: '@antv/graphin-components'
    version: 2.4.0
    peerDependencies:
      '@antv/graphin': ^2.*
      react: '>=16.9.0'
      react-dom: '>=16.9.0'
    dependencies:
      '@antv/graphin': registry.npmmirror.com/@antv/graphin/2.7.13
      '@antv/util': registry.npmmirror.com/@antv/util/2.0.17
    dev: false

  registry.npmmirror.com/@antv/graphin-icons/1.0.0:
    resolution: {integrity: sha512-2nogK6ZrDklnfIOJrqOAgD7iFLjfZIjLbA8pDUbeXN5c9b0Mu84oCfyqg8OmWwvi9Gt80eUzoplo73gKjZECJg==, registry: http://registry.npm.taobao.org/, tarball: https://registry.npmmirror.com/@antv/graphin-icons/-/graphin-icons-1.0.0.tgz}
    name: '@antv/graphin-icons'
    version: 1.0.0
    dev: false

  registry.npmmirror.com/@antv/graphin/2.7.13:
    resolution: {integrity: sha512-4ZwL0Q34G7nkji3WawBipaWt3JGNa3ucMjhEtDSU8A0uVfP4k1kpGUl5bTjhD5cEzg7CU3GOQ9itr7/Mco2npA==, registry: http://registry.npm.taobao.org/, tarball: https://registry.npmmirror.com/@antv/graphin/-/graphin-2.7.13.tgz}
    name: '@antv/graphin'
    version: 2.7.13
    peerDependencies:
      react: '>=16.9.0'
      react-dom: '>=16.9.0'
    dependencies:
      '@antv/g6': registry.npmmirror.com/@antv/g6/4.8.8
      '@antv/util': registry.npmmirror.com/@antv/util/2.0.17
      '@types/lodash.clonedeep': registry.npmmirror.com/@types/lodash.clonedeep/4.5.7
      d3-quadtree: registry.npmmirror.com/d3-quadtree/3.0.1
      lodash.clonedeep: registry.npmmirror.com/lodash.clonedeep/4.5.0
    dev: false

  registry.npmmirror.com/@antv/graphlib/1.2.0:
    resolution: {integrity: sha512-hhJOMThec51nU4Fe5p/viLlNIL71uDEgYFzKPajWjr2715SFG1HAgiP6AVylIeqBcAZ04u3Lw7usjl/TuI5RuQ==, registry: http://registry.npm.taobao.org/, tarball: https://registry.npmmirror.com/@antv/graphlib/-/graphlib-1.2.0.tgz}
    name: '@antv/graphlib'
    version: 1.2.0
    dev: false

  registry.npmmirror.com/@antv/hierarchy/0.6.11:
    resolution: {integrity: sha512-RJVhEMCuu4vj+Dt25lXIiNdd7jaqm/fqWGYikiELha4S5tnzdJoTUaUvvpfWlxLx4B0RsS9XRwBs1bOKN71TKg==, registry: http://registry.npm.taobao.org/, tarball: https://registry.npmmirror.com/@antv/hierarchy/-/hierarchy-0.6.11.tgz}
    name: '@antv/hierarchy'
    version: 0.6.11
    dependencies:
      '@antv/util': registry.npmmirror.com/@antv/util/2.0.17
    dev: false

  registry.npmmirror.com/@antv/layout/0.3.17_dagre@0.8.5:
    resolution: {integrity: sha512-KYqnTkqQ1Dddv57yM39FVR//OHFituWJ6Fjhip4VqIYsD07RIvo4g6gMRRqVwEZufGJjgdYJKVn4xIEh/8Ezhw==, registry: http://registry.npm.taobao.org/, tarball: https://registry.npmmirror.com/@antv/layout/-/layout-0.3.17.tgz}
    id: registry.npmmirror.com/@antv/layout/0.3.17
    name: '@antv/layout'
    version: 0.3.17
    dependencies:
      '@antv/g-webgpu': registry.npmmirror.com/@antv/g-webgpu/0.7.2
      '@antv/graphlib': registry.npmmirror.com/@antv/graphlib/1.2.0
      d3-force: registry.npmmirror.com/d3-force/2.1.1
      d3-quadtree: registry.npmmirror.com/d3-quadtree/2.0.0
      dagre-compound: registry.npmmirror.com/dagre-compound/0.0.11_dagre@0.8.5
      ml-matrix: registry.npmmirror.com/ml-matrix/6.10.4
    transitivePeerDependencies:
      - dagre
    dev: false

  registry.npmmirror.com/@antv/matrix-util/3.0.4:
    resolution: {integrity: sha512-BAPyu6dUliHcQ7fm9hZSGKqkwcjEDVLVAstlHULLvcMZvANHeLXgHEgV7JqcAV/GIhIz8aZChIlzM1ZboiXpYQ==, registry: http://registry.npm.taobao.org/, tarball: https://registry.npmmirror.com/@antv/matrix-util/-/matrix-util-3.0.4.tgz}
    name: '@antv/matrix-util'
    version: 3.0.4
    dependencies:
      '@antv/util': registry.npmmirror.com/@antv/util/2.0.17
      gl-matrix: registry.npmmirror.com/gl-matrix/3.4.3
      tslib: registry.npmmirror.com/tslib/2.5.0
    dev: false

  registry.npmmirror.com/@antv/matrix-util/3.1.0-beta.3:
    resolution: {integrity: sha512-W2R6Za3A6CmG51Y/4jZUM/tFgYSq7vTqJL1VD9dKrvwxS4sE0ZcXINtkp55CdyBwJ6Cwm8pfoRpnD4FnHahN0A==, registry: http://registry.npm.taobao.org/, tarball: https://registry.npmmirror.com/@antv/matrix-util/-/matrix-util-3.1.0-beta.3.tgz}
    name: '@antv/matrix-util'
    version: 3.1.0-beta.3
    dependencies:
      '@antv/util': registry.npmmirror.com/@antv/util/2.0.17
      gl-matrix: registry.npmmirror.com/gl-matrix/3.4.3
      tslib: registry.npmmirror.com/tslib/2.5.0
    dev: false

  registry.npmmirror.com/@antv/path-util/2.0.15:
    resolution: {integrity: sha512-R2VLZ5C8PLPtr3VciNyxtjKqJ0XlANzpFb5sE9GE61UQqSRuSVSzIakMxjEPrpqbgc+s+y8i+fmc89Snu7qbNw==, registry: http://registry.npm.taobao.org/, tarball: https://registry.npmmirror.com/@antv/path-util/-/path-util-2.0.15.tgz}
    name: '@antv/path-util'
    version: 2.0.15
    dependencies:
      '@antv/matrix-util': registry.npmmirror.com/@antv/matrix-util/3.0.4
      '@antv/util': registry.npmmirror.com/@antv/util/2.0.17
      tslib: registry.npmmirror.com/tslib/2.5.0
    dev: false

  registry.npmmirror.com/@antv/scale/0.3.18:
    resolution: {integrity: sha512-GHwE6Lo7S/Q5fgaLPaCsW+CH+3zl4aXpnN1skOiEY0Ue9/u+s2EySv6aDXYkAqs//i0uilMDD/0/4n8caX9U9w==, registry: http://registry.npm.taobao.org/, tarball: https://registry.npmmirror.com/@antv/scale/-/scale-0.3.18.tgz}
    name: '@antv/scale'
    version: 0.3.18
    dependencies:
      '@antv/util': registry.npmmirror.com/@antv/util/2.0.17
      fecha: registry.npmmirror.com/fecha/4.2.3
      tslib: registry.npmmirror.com/tslib/2.5.0
    dev: false

  registry.npmmirror.com/@antv/util/2.0.17:
    resolution: {integrity: sha512-o6I9hi5CIUvLGDhth0RxNSFDRwXeywmt6ExR4+RmVAzIi48ps6HUy+svxOCayvrPBN37uE6TAc2KDofRo0nK9Q==, registry: http://registry.npm.taobao.org/, tarball: https://registry.npmmirror.com/@antv/util/-/util-2.0.17.tgz}
    name: '@antv/util'
    version: 2.0.17
    dependencies:
      csstype: registry.npmmirror.com/csstype/3.1.1
      tslib: registry.npmmirror.com/tslib/2.5.0
    dev: false

  registry.npmmirror.com/@babel/runtime/7.21.0:
    resolution: {integrity: sha512-xwII0//EObnq89Ji5AKYQaRYiW/nZ3llSv29d49IuxPhKbtJoLP+9QUUZ4nVragQVtaVGeZrpB+ZtG/Pdy/POw==, registry: http://registry.npm.taobao.org/, tarball: https://registry.npmmirror.com/@babel/runtime/-/runtime-7.21.0.tgz}
    name: '@babel/runtime'
    version: 7.21.0
    engines: {node: '>=6.9.0'}
    dependencies:
      regenerator-runtime: registry.npmmirror.com/regenerator-runtime/0.13.11
    dev: false

  registry.npmmirror.com/@probe.gl/env/3.6.0:
    resolution: {integrity: sha512-4tTZYUg/8BICC3Yyb9rOeoKeijKbZHRXBEKObrfPmX4sQmYB15ZOUpoVBhAyJkOYVAM8EkPci6Uw5dLCwx2BEQ==, registry: http://registry.npm.taobao.org/, tarball: https://registry.npmmirror.com/@probe.gl/env/-/env-3.6.0.tgz}
    name: '@probe.gl/env'
    version: 3.6.0
    dependencies:
      '@babel/runtime': registry.npmmirror.com/@babel/runtime/7.21.0
    dev: false

  registry.npmmirror.com/@probe.gl/log/3.6.0:
    resolution: {integrity: sha512-hjpyenpEvOdowgZ1qMeCJxfRD4JkKdlXz0RC14m42Un62NtOT+GpWyKA4LssT0+xyLULCByRAtG2fzZorpIAcA==, registry: http://registry.npm.taobao.org/, tarball: https://registry.npmmirror.com/@probe.gl/log/-/log-3.6.0.tgz}
    name: '@probe.gl/log'
    version: 3.6.0
    dependencies:
      '@babel/runtime': registry.npmmirror.com/@babel/runtime/7.21.0
      '@probe.gl/env': registry.npmmirror.com/@probe.gl/env/3.6.0
    dev: false

  registry.npmmirror.com/@probe.gl/stats/3.6.0:
    resolution: {integrity: sha512-JdALQXB44OP4kUBN/UrQgzbJe4qokbVF4Y8lkIA8iVCFnjVowWIgkD/z/0QO65yELT54tTrtepw1jScjKB+rhQ==, registry: http://registry.npm.taobao.org/, tarball: https://registry.npmmirror.com/@probe.gl/stats/-/stats-3.6.0.tgz}
    name: '@probe.gl/stats'
    version: 3.6.0
    dependencies:
      '@babel/runtime': registry.npmmirror.com/@babel/runtime/7.21.0
    dev: false

  registry.npmmirror.com/@types/d3-timer/2.0.1:
    resolution: {integrity: sha512-TF8aoF5cHcLO7W7403blM7L1T+6NF3XMyN3fxyUolq2uOcFeicG/khQg/dGxiCJWoAcmYulYN7LYSRKO54IXaA==, registry: http://registry.npm.taobao.org/, tarball: https://registry.npmmirror.com/@types/d3-timer/-/d3-timer-2.0.1.tgz}
    name: '@types/d3-timer'
    version: 2.0.1
    dev: false

  registry.npmmirror.com/@types/lodash.clonedeep/4.5.7:
    resolution: {integrity: sha512-ccNqkPptFIXrpVqUECi60/DFxjNKsfoQxSQsgcBJCX/fuX1wgyQieojkcWH/KpE3xzLoWN/2k+ZeGqIN3paSvw==, registry: http://registry.npm.taobao.org/, tarball: https://registry.npmmirror.com/@types/lodash.clonedeep/-/lodash.clonedeep-4.5.7.tgz}
    name: '@types/lodash.clonedeep'
    version: 4.5.7
    dependencies:
      '@types/lodash': registry.npmmirror.com/@types/lodash/4.14.191
    dev: false

  registry.npmmirror.com/@types/lodash/4.14.191:
    resolution: {integrity: sha512-BdZ5BCCvho3EIXw6wUCXHe7rS53AIDPLE+JzwgT+OsJk53oBfbSmZZ7CX4VaRoN78N+TJpFi9QPlfIVNmJYWxQ==, registry: http://registry.npm.taobao.org/, tarball: https://registry.npmmirror.com/@types/lodash/-/lodash-4.14.191.tgz}
    name: '@types/lodash'
    version: 4.14.191
    dev: false

  registry.npmmirror.com/base64-arraybuffer/1.0.2:
    resolution: {integrity: sha512-I3yl4r9QB5ZRY3XuJVEPfc2XhZO6YweFPI+UovAzn+8/hb3oJ6lnysaFcjVpkCPfVWFUDvoZ8kmVDP7WyRtYtQ==, registry: http://registry.npm.taobao.org/, tarball: https://registry.npmmirror.com/base64-arraybuffer/-/base64-arraybuffer-1.0.2.tgz}
    name: base64-arraybuffer
    version: 1.0.2
    engines: {node: '>= 0.6.0'}
    dev: false

  registry.npmmirror.com/color-convert/1.9.3:
    resolution: {integrity: sha512-QfAUtd+vFdAtFQcC8CCyYt1fYWxSqAiK2cSD6zDB8N3cpsEBAvRxp9zOGg6G/SHHJYAT88/az/IuDGALsNVbGg==, registry: http://registry.npm.taobao.org/, tarball: https://registry.npmmirror.com/color-convert/-/color-convert-1.9.3.tgz}
    name: color-convert
    version: 1.9.3
    dependencies:
      color-name: registry.npmmirror.com/color-name/1.1.3
    dev: false

  registry.npmmirror.com/color-name/1.1.3:
    resolution: {integrity: sha512-72fSenhMw2HZMTVHeCA9KCmpEIbzWiQsjN+BHcBbS9vr1mtt+vJjPdksIBNUmKAW8TFUDPJK5SUU3QhE9NEXDw==, registry: http://registry.npm.taobao.org/, tarball: https://registry.npmmirror.com/color-name/-/color-name-1.1.3.tgz}
    name: color-name
    version: 1.1.3
    dev: false

  registry.npmmirror.com/color-name/1.1.4:
    resolution: {integrity: sha512-dOy+3AuW3a2wNbZHIuMZpTcgjGuLU/uBL/ubcZF9OXbDo8ff4O8yVp5Bf0efS8uEoYo5q4Fx7dY9OgQGXgAsQA==, registry: http://registry.npm.taobao.org/, tarball: https://registry.npmmirror.com/color-name/-/color-name-1.1.4.tgz}
    name: color-name
    version: 1.1.4
    dev: false

  registry.npmmirror.com/color-string/1.9.1:
    resolution: {integrity: sha512-shrVawQFojnZv6xM40anx4CkoDP+fZsw/ZerEMsW/pyzsRbElpsL/DBVW7q3ExxwusdNXI3lXpuhEZkzs8p5Eg==, registry: http://registry.npm.taobao.org/, tarball: https://registry.npmmirror.com/color-string/-/color-string-1.9.1.tgz}
    name: color-string
    version: 1.9.1
    dependencies:
      color-name: registry.npmmirror.com/color-name/1.1.4
      simple-swizzle: registry.npmmirror.com/simple-swizzle/0.2.2
    dev: false

  registry.npmmirror.com/color/3.2.1:
    resolution: {integrity: sha512-aBl7dZI9ENN6fUGC7mWpMTPNHmWUSNan9tuWN6ahh5ZLNk9baLJOnSMlrQkHcrfFgz2/RigjUVAjdx36VcemKA==, registry: http://registry.npm.taobao.org/, tarball: https://registry.npmmirror.com/color/-/color-3.2.1.tgz}
    name: color
    version: 3.2.1
    dependencies:
      color-convert: registry.npmmirror.com/color-convert/1.9.3
      color-string: registry.npmmirror.com/color-string/1.9.1
    dev: false

  registry.npmmirror.com/commander/10.0.0:
    resolution: {integrity: sha512-zS5PnTI22FIRM6ylNW8G4Ap0IEOyk62fhLSD0+uHRT9McRCLGpkVNvao4bjimpK/GShynyQkFFxHhwMcETmduA==, registry: http://registry.npm.taobao.org/, tarball: https://registry.npmmirror.com/commander/-/commander-10.0.0.tgz}
    name: commander
    version: 10.0.0
    engines: {node: '>=14'}
    dev: false

  registry.npmmirror.com/css-line-break/2.1.0:
    resolution: {integrity: sha512-FHcKFCZcAha3LwfVBhCQbW2nCNbkZXn7KVUJcsT5/P8YmfsVja0FMPJr0B903j/E69HUphKiV9iQArX8SDYA4w==, registry: http://registry.npm.taobao.org/, tarball: https://registry.npmmirror.com/css-line-break/-/css-line-break-2.1.0.tgz}
    name: css-line-break
    version: 2.1.0
    dependencies:
      utrie: registry.npmmirror.com/utrie/1.0.2
    dev: false

  registry.npmmirror.com/csstype/3.1.1:
    resolution: {integrity: sha512-DJR/VvkAvSZW9bTouZue2sSxDwdTN92uHjqeKVm+0dAqdfNykRzQ95tay8aXMBAAPpUiq4Qcug2L7neoRh2Egw==, registry: http://registry.npm.taobao.org/, tarball: https://registry.npmmirror.com/csstype/-/csstype-3.1.1.tgz}
    name: csstype
    version: 3.1.1
    dev: false

  registry.npmmirror.com/d3-color/3.1.0:
    resolution: {integrity: sha512-zg/chbXyeBtMQ1LbD/WSoW2DpC3I0mpmPdW+ynRTj/x2DAWYrIY7qeZIHidozwV24m4iavr15lNwIwLxRmOxhA==, registry: http://registry.npm.taobao.org/, tarball: https://registry.npmmirror.com/d3-color/-/d3-color-3.1.0.tgz}
    name: d3-color
    version: 3.1.0
    engines: {node: '>=12'}
    dev: false

  registry.npmmirror.com/d3-dispatch/2.0.0:
    resolution: {integrity: sha512-S/m2VsXI7gAti2pBoLClFFTMOO1HTtT0j99AuXLoGFKO6deHDdnv6ZGTxSTTUTgO1zVcv82fCOtDjYK4EECmWA==, registry: http://registry.npm.taobao.org/, tarball: https://registry.npmmirror.com/d3-dispatch/-/d3-dispatch-2.0.0.tgz}
    name: d3-dispatch
    version: 2.0.0
    dev: false

  registry.npmmirror.com/d3-ease/1.0.7:
    resolution: {integrity: sha512-lx14ZPYkhNx0s/2HX5sLFUI3mbasHjSSpwO/KaaNACweVwxUruKyWVcb293wMv1RqTPZyZ8kSZ2NogUZNcLOFQ==, registry: http://registry.npm.taobao.org/, tarball: https://registry.npmmirror.com/d3-ease/-/d3-ease-1.0.7.tgz}
    name: d3-ease
    version: 1.0.7
    dev: false

  registry.npmmirror.com/d3-force/2.1.1:
    resolution: {integrity: sha512-nAuHEzBqMvpFVMf9OX75d00OxvOXdxY+xECIXjW6Gv8BRrXu6gAWbv/9XKrvfJ5i5DCokDW7RYE50LRoK092ew==, registry: http://registry.npm.taobao.org/, tarball: https://registry.npmmirror.com/d3-force/-/d3-force-2.1.1.tgz}
    name: d3-force
    version: 2.1.1
    dependencies:
      d3-dispatch: registry.npmmirror.com/d3-dispatch/2.0.0
      d3-quadtree: registry.npmmirror.com/d3-quadtree/2.0.0
      d3-timer: registry.npmmirror.com/d3-timer/2.0.0
    dev: false

  registry.npmmirror.com/d3-interpolate/3.0.1:
    resolution: {integrity: sha512-3bYs1rOD33uo8aqJfKP3JWPAibgw8Zm2+L9vBKEHJ2Rg+viTR7o5Mmv5mZcieN+FRYaAOWX5SJATX6k1PWz72g==, registry: http://registry.npm.taobao.org/, tarball: https://registry.npmmirror.com/d3-interpolate/-/d3-interpolate-3.0.1.tgz}
    name: d3-interpolate
    version: 3.0.1
    engines: {node: '>=12'}
    dependencies:
      d3-color: registry.npmmirror.com/d3-color/3.1.0
    dev: false

  registry.npmmirror.com/d3-quadtree/2.0.0:
    resolution: {integrity: sha512-b0Ed2t1UUalJpc3qXzKi+cPGxeXRr4KU9YSlocN74aTzp6R/Ud43t79yLLqxHRWZfsvWXmbDWPpoENK1K539xw==, registry: http://registry.npm.taobao.org/, tarball: https://registry.npmmirror.com/d3-quadtree/-/d3-quadtree-2.0.0.tgz}
    name: d3-quadtree
    version: 2.0.0
    dev: false

  registry.npmmirror.com/d3-quadtree/3.0.1:
    resolution: {integrity: sha512-04xDrxQTDTCFwP5H6hRhsRcb9xxv2RzkcsygFzmkSIOJy3PeRJP7sNk3VRIbKXcog561P9oU0/rVH6vDROAgUw==, registry: http://registry.npm.taobao.org/, tarball: https://registry.npmmirror.com/d3-quadtree/-/d3-quadtree-3.0.1.tgz}
    name: d3-quadtree
    version: 3.0.1
    engines: {node: '>=12'}
    dev: false

  registry.npmmirror.com/d3-timer/1.0.10:
    resolution: {integrity: sha512-B1JDm0XDaQC+uvo4DT79H0XmBskgS3l6Ve+1SBCfxgmtIb1AVrPIoqd+nPSv+loMX8szQ0sVUhGngL7D5QPiXw==, registry: http://registry.npm.taobao.org/, tarball: https://registry.npmmirror.com/d3-timer/-/d3-timer-1.0.10.tgz}
    name: d3-timer
    version: 1.0.10
    dev: false

  registry.npmmirror.com/d3-timer/2.0.0:
    resolution: {integrity: sha512-TO4VLh0/420Y/9dO3+f9abDEFYeCUr2WZRlxJvbp4HPTQcSylXNiL6yZa9FIUvV1yRiFufl1bszTCLDqv9PWNA==, registry: http://registry.npm.taobao.org/, tarball: https://registry.npmmirror.com/d3-timer/-/d3-timer-2.0.0.tgz}
    name: d3-timer
    version: 2.0.0
    dev: false

  registry.npmmirror.com/dagre-compound/0.0.11_dagre@0.8.5:
    resolution: {integrity: sha512-UrSgRP9LtOZCYb9e5doolZXpc7xayyszgyOs7uakTK4n4KsLegLVTRRtq01GpQd/iZjYw5fWMapx9ed+c80MAQ==, registry: http://registry.npm.taobao.org/, tarball: https://registry.npmmirror.com/dagre-compound/-/dagre-compound-0.0.11.tgz}
    id: registry.npmmirror.com/dagre-compound/0.0.11
    name: dagre-compound
    version: 0.0.11
    engines: {node: '>=6.0.0'}
    peerDependencies:
      dagre: ^0.8.5
    dependencies:
      dagre: registry.npmmirror.com/dagre/0.8.5
    dev: false

  registry.npmmirror.com/dagre/0.8.5:
    resolution: {integrity: sha512-/aTqmnRta7x7MCCpExk7HQL2O4owCT2h8NT//9I1OQ9vt29Pa0BzSAkR5lwFUcQ7491yVi/3CXU9jQ5o0Mn2Sw==, registry: http://registry.npm.taobao.org/, tarball: https://registry.npmmirror.com/dagre/-/dagre-0.8.5.tgz}
    name: dagre
    version: 0.8.5
    dependencies:
      graphlib: registry.npmmirror.com/graphlib/2.1.8
      lodash: registry.npmmirror.com/lodash/4.17.21
    dev: false

  registry.npmmirror.com/detect-browser/5.3.0:
    resolution: {integrity: sha512-53rsFbGdwMwlF7qvCt0ypLM5V5/Mbl0szB7GPN8y9NCcbknYOeVVXdrXEq+90IwAfrrzt6Hd+u2E2ntakICU8w==, registry: http://registry.npm.taobao.org/, tarball: https://registry.npmmirror.com/detect-browser/-/detect-browser-5.3.0.tgz}
    name: detect-browser
    version: 5.3.0
    dev: false

  registry.npmmirror.com/eventemitter3/4.0.7:
    resolution: {integrity: sha512-8guHBZCwKnFhYdHr2ysuRWErTwhoN2X8XELRlrRwpmfeY2jjuUN4taQMsULKUVo1K4DvZl+0pgfyoysHxvmvEw==, registry: http://registry.npm.taobao.org/, tarball: https://registry.npmmirror.com/eventemitter3/-/eventemitter3-4.0.7.tgz}
    name: eventemitter3
    version: 4.0.7
    dev: false

  registry.npmmirror.com/fecha/4.2.3:
    resolution: {integrity: sha512-OP2IUU6HeYKJi3i0z4A19kHMQoLVs4Hc+DPqqxI2h/DPZHTm/vjsfC6P0b4jCMy14XizLBqvndQ+UilD7707Jw==, registry: http://registry.npm.taobao.org/, tarball: https://registry.npmmirror.com/fecha/-/fecha-4.2.3.tgz}
    name: fecha
    version: 4.2.3
    dev: false

  registry.npmmirror.com/gl-matrix/3.4.3:
    resolution: {integrity: sha512-wcCp8vu8FT22BnvKVPjXa/ICBWRq/zjFfdofZy1WSpQZpphblv12/bOQLBC1rMM7SGOFS9ltVmKOHil5+Ml7gA==, registry: http://registry.npm.taobao.org/, tarball: https://registry.npmmirror.com/gl-matrix/-/gl-matrix-3.4.3.tgz}
    name: gl-matrix
    version: 3.4.3
    dev: false

  registry.npmmirror.com/gl-vec2/1.3.0:
    resolution: {integrity: sha512-YiqaAuNsheWmUV0Sa8k94kBB0D6RWjwZztyO+trEYS8KzJ6OQB/4686gdrf59wld4hHFIvaxynO3nRxpk1Ij/A==, registry: http://registry.npm.taobao.org/, tarball: https://registry.npmmirror.com/gl-vec2/-/gl-vec2-1.3.0.tgz}
    name: gl-vec2
    version: 1.3.0
    dev: false

  registry.npmmirror.com/graphlib/2.1.8:
    resolution: {integrity: sha512-jcLLfkpoVGmH7/InMC/1hIvOPSUh38oJtGhvrOFGzioE1DZ+0YW16RgmOJhHiuWTvGiJQ9Z1Ik43JvkRPRvE+A==, registry: http://registry.npm.taobao.org/, tarball: https://registry.npmmirror.com/graphlib/-/graphlib-2.1.8.tgz}
    name: graphlib
    version: 2.1.8
    dependencies:
      lodash: registry.npmmirror.com/lodash/4.17.21
    dev: false

  registry.npmmirror.com/html2canvas/1.4.1:
    resolution: {integrity: sha512-fPU6BHNpsyIhr8yyMpTLLxAbkaK8ArIBcmZIRiBLiDhjeqvXolaEmDGmELFuX9I4xDcaKKcJl+TKZLqruBbmWA==, registry: http://registry.npm.taobao.org/, tarball: https://registry.npmmirror.com/html2canvas/-/html2canvas-1.4.1.tgz}
    name: html2canvas
    version: 1.4.1
    engines: {node: '>=8.0.0'}
    dependencies:
      css-line-break: registry.npmmirror.com/css-line-break/2.1.0
      text-segmentation: registry.npmmirror.com/text-segmentation/1.0.3
    dev: false

  registry.npmmirror.com/insert-css/2.0.0:
    resolution: {integrity: sha512-xGq5ISgcUP5cvGkS2MMFLtPDBtrtQPSFfC6gA6U8wHKqfjTIMZLZNxOItQnoSjdOzlXOLU/yD32RKC4SvjNbtA==, registry: http://registry.npm.taobao.org/, tarball: https://registry.npmmirror.com/insert-css/-/insert-css-2.0.0.tgz}
    name: insert-css
    version: 2.0.0
    dev: false

  registry.npmmirror.com/is-any-array/2.0.0:
    resolution: {integrity: sha512-WdPV58rT3aOWXvvyuBydnCq4S2BM1Yz8shKxlEpk/6x+GX202XRvXOycEFtNgnHVLoc46hpexPFx8Pz1/sMS0w==, registry: http://registry.npm.taobao.org/, tarball: https://registry.npmmirror.com/is-any-array/-/is-any-array-2.0.0.tgz}
    name: is-any-array
    version: 2.0.0
    dev: false

  registry.npmmirror.com/is-arrayish/0.3.2:
    resolution: {integrity: sha512-eVRqCvVlZbuw3GrM63ovNSNAeA1K16kaR/LRY/92w0zxQ5/1YzwblUX652i4Xs9RwAGjW9d9y6X88t8OaAJfWQ==, registry: http://registry.npm.taobao.org/, tarball: https://registry.npmmirror.com/is-arrayish/-/is-arrayish-0.3.2.tgz}
    name: is-arrayish
    version: 0.3.2
    dev: false

  registry.npmmirror.com/lodash.clonedeep/4.5.0:
    resolution: {integrity: sha512-H5ZhCF25riFd9uB5UCkVKo61m3S/xZk1x4wA6yp/L3RFP6Z/eHH1ymQcGLo7J3GMPfm0V/7m1tryHuGVxpqEBQ==, registry: http://registry.npm.taobao.org/, tarball: https://registry.npmmirror.com/lodash.clonedeep/-/lodash.clonedeep-4.5.0.tgz}
    name: lodash.clonedeep
    version: 4.5.0
    dev: false

  registry.npmmirror.com/lodash/4.17.21:
    resolution: {integrity: sha512-v2kDEe57lecTulaDIuNTPy3Ry4gLGJ6Z1O3vE1krgXZNrsQ+LFTGHVxVjcXPs17LhbZVGedAJv8XZ1tvj5FvSg==, registry: http://registry.npm.taobao.org/, tarball: https://registry.npmmirror.com/lodash/-/lodash-4.17.21.tgz}
    name: lodash
    version: 4.17.21
    dev: false

  registry.npmmirror.com/ml-array-max/1.2.4:
    resolution: {integrity: sha512-BlEeg80jI0tW6WaPyGxf5Sa4sqvcyY6lbSn5Vcv44lp1I2GR6AWojfUvLnGTNsIXrZ8uqWmo8VcG1WpkI2ONMQ==, registry: http://registry.npm.taobao.org/, tarball: https://registry.npmmirror.com/ml-array-max/-/ml-array-max-1.2.4.tgz}
    name: ml-array-max
    version: 1.2.4
    dependencies:
      is-any-array: registry.npmmirror.com/is-any-array/2.0.0
    dev: false

  registry.npmmirror.com/ml-array-min/1.2.3:
    resolution: {integrity: sha512-VcZ5f3VZ1iihtrGvgfh/q0XlMobG6GQ8FsNyQXD3T+IlstDv85g8kfV0xUG1QPRO/t21aukaJowDzMTc7j5V6Q==, registry: http://registry.npm.taobao.org/, tarball: https://registry.npmmirror.com/ml-array-min/-/ml-array-min-1.2.3.tgz}
    name: ml-array-min
    version: 1.2.3
    dependencies:
      is-any-array: registry.npmmirror.com/is-any-array/2.0.0
    dev: false

  registry.npmmirror.com/ml-array-rescale/1.3.7:
    resolution: {integrity: sha512-48NGChTouvEo9KBctDfHC3udWnQKNKEWN0ziELvY3KG25GR5cA8K8wNVzracsqSW1QEkAXjTNx+ycgAv06/1mQ==, registry: http://registry.npm.taobao.org/, tarball: https://registry.npmmirror.com/ml-array-rescale/-/ml-array-rescale-1.3.7.tgz}
    name: ml-array-rescale
    version: 1.3.7
    dependencies:
      is-any-array: registry.npmmirror.com/is-any-array/2.0.0
      ml-array-max: registry.npmmirror.com/ml-array-max/1.2.4
      ml-array-min: registry.npmmirror.com/ml-array-min/1.2.3
    dev: false

  registry.npmmirror.com/ml-matrix/6.10.4:
    resolution: {integrity: sha512-rUyEhfNPzqFsltYwvjNeYQXlYEaVea3KgzcJKJteQUj2WVAGFx9fLNRjtMR9mg2B6bd5buxlmkZmxM4hmO+SKg==, registry: http://registry.npm.taobao.org/, tarball: https://registry.npmmirror.com/ml-matrix/-/ml-matrix-6.10.4.tgz}
    name: ml-matrix
    version: 6.10.4
    dependencies:
      is-any-array: registry.npmmirror.com/is-any-array/2.0.0
      ml-array-rescale: registry.npmmirror.com/ml-array-rescale/1.3.7
    dev: false

  registry.npmmirror.com/mockjs/1.1.0:
    resolution: {integrity: sha512-eQsKcWzIaZzEZ07NuEyO4Nw65g0hdWAyurVol1IPl1gahRwY+svqzfgfey8U8dahLwG44d6/RwEzuK52rSa/JQ==, registry: http://registry.npm.taobao.org/, tarball: https://registry.npmmirror.com/mockjs/-/mockjs-1.1.0.tgz}
    name: mockjs
    version: 1.1.0
    hasBin: true
    dependencies:
      commander: registry.npmmirror.com/commander/10.0.0
    dev: false

  registry.npmmirror.com/probe.gl/3.6.0:
    resolution: {integrity: sha512-19JydJWI7+DtR4feV+pu4Mn1I5TAc0xojuxVgZdXIyfmTLfUaFnk4OloWK1bKbPtkgGKLr2lnbnCXmpZEcEp9g==, registry: http://registry.npm.taobao.org/, tarball: https://registry.npmmirror.com/probe.gl/-/probe.gl-3.6.0.tgz}
    name: probe.gl
    version: 3.6.0
    dependencies:
      '@babel/runtime': registry.npmmirror.com/@babel/runtime/7.21.0
      '@probe.gl/env': registry.npmmirror.com/@probe.gl/env/3.6.0
      '@probe.gl/log': registry.npmmirror.com/@probe.gl/log/3.6.0
      '@probe.gl/stats': registry.npmmirror.com/@probe.gl/stats/3.6.0
    dev: false

  registry.npmmirror.com/regenerator-runtime/0.13.11:
    resolution: {integrity: sha512-kY1AZVr2Ra+t+piVaJ4gxaFaReZVH40AKNo7UCX6W+dEwBo/2oZJzqfuN1qLq1oL45o56cPaTXELwrTh8Fpggg==, registry: http://registry.npm.taobao.org/, tarball: https://registry.npmmirror.com/regenerator-runtime/-/regenerator-runtime-0.13.11.tgz}
    name: regenerator-runtime
    version: 0.13.11
    dev: false

  registry.npmmirror.com/regl/1.7.0:
    resolution: {integrity: sha512-bEAtp/qrtKucxXSJkD4ebopFZYP0q1+3Vb2WECWv/T8yQEgKxDxJ7ztO285tAMaYZVR6mM1GgI6CCn8FROtL1w==, registry: http://registry.npm.taobao.org/, tarball: https://registry.npmmirror.com/regl/-/regl-1.7.0.tgz}
    name: regl
    version: 1.7.0
    dev: false

  registry.npmmirror.com/relation-graph/2.0.25:
    resolution: {integrity: sha512-mmpT2yB0DJc+hIXncwpQbf6jDWWmwDuIDCxGEZMzyUeH9dfwDnojHU63vN+0jGfI8jzeenc+7H5l7MqOfjcTLQ==, registry: http://registry.npm.taobao.org/, tarball: https://registry.npmmirror.com/relation-graph/-/relation-graph-2.0.25.tgz}
    name: relation-graph
    version: 2.0.25
    dependencies:
      html2canvas: registry.npmmirror.com/html2canvas/1.4.1
      screenfull: registry.npmmirror.com/screenfull/5.2.0
    dev: false

  registry.npmmirror.com/screenfull/5.2.0:
    resolution: {integrity: sha512-9BakfsO2aUQN2K9Fdbj87RJIEZ82Q9IGim7FqM5OsebfoFC6ZHXgDq/KvniuLTPdeM8wY2o6Dj3WQ7KeQCj3cA==, registry: http://registry.npm.taobao.org/, tarball: https://registry.npmmirror.com/screenfull/-/screenfull-5.2.0.tgz}
    name: screenfull
    version: 5.2.0
    engines: {node: '>=0.10.0'}
    dev: false

  registry.npmmirror.com/simple-swizzle/0.2.2:
    resolution: {integrity: sha512-JA//kQgZtbuY83m+xT+tXJkmJncGMTFT+C+g2h2R9uxkYIrE2yy9sgmcLhCnw57/WSD+Eh3J97FPEDFnbXnDUg==, registry: http://registry.npm.taobao.org/, tarball: https://registry.npmmirror.com/simple-swizzle/-/simple-swizzle-0.2.2.tgz}
    name: simple-swizzle
    version: 0.2.2
    dependencies:
      is-arrayish: registry.npmmirror.com/is-arrayish/0.3.2
    dev: false

  registry.npmmirror.com/text-segmentation/1.0.3:
    resolution: {integrity: sha512-iOiPUo/BGnZ6+54OsWxZidGCsdU8YbE4PSpdPinp7DeMtUJNJBoJ/ouUSTJjHkh1KntHaltHl/gDs2FC4i5+Nw==, registry: http://registry.npm.taobao.org/, tarball: https://registry.npmmirror.com/text-segmentation/-/text-segmentation-1.0.3.tgz}
    name: text-segmentation
    version: 1.0.3
    dependencies:
      utrie: registry.npmmirror.com/utrie/1.0.2
    dev: false

  registry.npmmirror.com/tinycolor2/1.6.0:
    resolution: {integrity: sha512-XPaBkWQJdsf3pLKJV9p4qN/S+fm2Oj8AIPo1BTUhg5oxkvm9+SVEGFdhyOz7tTdUTfvxMiAs4sp6/eZO2Ew+pw==, registry: http://registry.npm.taobao.org/, tarball: https://registry.npmmirror.com/tinycolor2/-/tinycolor2-1.6.0.tgz}
    name: tinycolor2
    version: 1.6.0
    dev: false

  registry.npmmirror.com/tslib/2.5.0:
    resolution: {integrity: sha512-336iVw3rtn2BUK7ORdIAHTyxHGRIHVReokCR3XjbckJMK7ms8FysBfhLR8IXnAgy7T0PTPNBWKiH514FOW/WSg==, registry: http://registry.npm.taobao.org/, tarball: https://registry.npmmirror.com/tslib/-/tslib-2.5.0.tgz}
    name: tslib
    version: 2.5.0
    dev: false

  registry.npmmirror.com/utrie/1.0.2:
    resolution: {integrity: sha512-1MLa5ouZiOmQzUbjbu9VmjLzn1QLXBhwpUa7kdLUQK+KQ5KA9I1vk5U4YHe/X2Ch7PYnJfWuWT+VbuxbGwljhw==, registry: http://registry.npm.taobao.org/, tarball: https://registry.npmmirror.com/utrie/-/utrie-1.0.2.tgz}
    name: utrie
    version: 1.0.2
    dependencies:
      base64-arraybuffer: registry.npmmirror.com/base64-arraybuffer/1.0.2
    dev: false
